
Microsoft Visual Studio Solution File, Format Version 12.00
# Visual Studio Version 16
VisualStudioVersion = 16.0.31321.278
MinimumVisualStudioVersion = 10.0.40219.1
Project("{FAE04EC0-301F-11D3-BF4B-00C04F79EFBC}") = "BMS.Web", "BMS.Web\BMS.Web.csproj", "{88A0726B-3F7A-486B-BCE6-C20EEC929BF9}"
EndProject
Project("{FAE04EC0-301F-11D3-BF4B-00C04F79EFBC}") = "BMS.Data", "BMS.Data\BMS.Data.csproj", "{FE548BB6-442B-4B83-8722-B7EC82F60388}"
EndProject
Project("{FAE04EC0-301F-11D3-BF4B-00C04F79EFBC}") = "BMS.Models", "BMS.Models\BMS.Models.csproj", "{ECE756F9-D3B3-4DA6-93B5-F524B433CF83}"
EndProject
Project("{FAE04EC0-301F-11D3-BF4B-00C04F79EFBC}") = "BMS.Services", "BMS.Services\BMS.Services.csproj", "{7F997AC9-A22A-47E8-84EA-430C9597DCDF}"
EndProject
Project("{FAE04EC0-301F-11D3-BF4B-00C04F79EFBC}") = "BMS.ConsoleUI", "BMS.ConsoleUI\BMS.ConsoleUI.csproj", "{8F51A69C-E8B7-43CB-BBAE-6D6C96CCD899}"
EndProject
Global
	GlobalSection(SolutionConfigurationPlatforms) = preSolution
		Debug|Any CPU = Debug|Any CPU
		Release|Any CPU = Release|Any CPU
	EndGlobalSection
	GlobalSection(ProjectConfigurationPlatforms) = postSolution
		{88A0726B-3F7A-486B-BCE6-C20EEC929BF9}.Debug|Any CPU.ActiveCfg = Debug|Any CPU
		{88A0726B-3F7A-486B-BCE6-C20EEC929BF9}.Debug|Any CPU.Build.0 = Debug|Any CPU
		{88A0726B-3F7A-486B-BCE6-C20EEC929BF9}.Release|Any CPU.ActiveCfg = Release|Any CPU
		{88A0726B-3F7A-486B-BCE6-C20EEC929BF9}.Release|Any CPU.Build.0 = Release|Any CPU
		{FE548BB6-442B-4B83-8722-B7EC82F60388}.Debug|Any CPU.ActiveCfg = Debug|Any CPU
		{FE548BB6-442B-4B83-8722-B7EC82F60388}.Debug|Any CPU.Build.0 = Debug|Any CPU
		{FE548BB6-442B-4B83-8722-B7EC82F60388}.Release|Any CPU.ActiveCfg = Release|Any CPU
		{FE548BB6-442B-4B83-8722-B7EC82F60388}.Release|Any CPU.Build.0 = Release|Any CPU
		{ECE756F9-D3B3-4DA6-93B5-F524B433CF83}.Debug|Any CPU.ActiveCfg = Debug|Any CPU
		{ECE756F9-D3B3-4DA6-93B5-F524B433CF83}.Debug|Any CPU.Build.0 = Debug|Any CPU
		{ECE756F9-D3B3-4DA6-93B5-F524B433CF83}.Release|Any CPU.ActiveCfg = Release|Any CPU
		{ECE756F9-D3B3-4DA6-93B5-F524B433CF83}.Release|Any CPU.Build.0 = Release|Any CPU
		{7F997AC9-A22A-47E8-84EA-430C9597DCDF}.Debug|Any CPU.ActiveCfg = Debug|Any CPU
		{7F997AC9-A22A-47E8-84EA-430C9597DCDF}.Debug|Any CPU.Build.0 = Debug|Any CPU
		{7F997AC9-A22A-47E8-84EA-430C9597DCDF}.Release|Any CPU.ActiveCfg = Release|Any CPU
		{7F997AC9-A22A-47E8-84EA-430C9597DCDF}.Release|Any CPU.Build.0 = Release|Any CPU
		{8F51A69C-E8B7-43CB-BBAE-6D6C96CCD899}.Debug|Any CPU.ActiveCfg = Debug|Any CPU
		{8F51A69C-E8B7-43CB-BBAE-6D6C96CCD899}.Debug|Any CPU.Build.0 = Debug|Any CPU
		{8F51A69C-E8B7-43CB-BBAE-6D6C96CCD899}.Release|Any CPU.ActiveCfg = Release|Any CPU
		{8F51A69C-E8B7-43CB-BBAE-6D6C96CCD899}.Release|Any CPU.Build.0 = Release|Any CPU
	EndGlobalSection
	GlobalSection(SolutionProperties) = preSolution
		HideSolutionNode = FALSE
	EndGlobalSection
	GlobalSection(ExtensibilityGlobals) = postSolution
		SolutionGuid = {7918CFDB-582E-49A2-8B89-ED40CC9F418D}
	EndGlobalSection
EndGlobal
